// !$*UTF8*$!
{
	archiveVersion = 1;
	classes = {
	};
	objectVersion = 50;
	objects = {

/* Begin PBXBuildFile section */
		AD7E61CD22BA1C29003347E5 /* AppDelegate.swift in Sources */ = {isa = PBXBuildFile; fileRef = AD7E61CC22BA1C29003347E5 /* AppDelegate.swift */; };
		AD7E61CF22BA1C29003347E5 /* TodoListViewController.swift in Sources */ = {isa = PBXBuildFile; fileRef = AD7E61CE22BA1C29003347E5 /* TodoListViewController.swift */; };
		AD7E61D222BA1C29003347E5 /* Main.storyboard in Resources */ = {isa = PBXBuildFile; fileRef = AD7E61D022BA1C29003347E5 /* Main.storyboard */; };
		AD7E61D422BA1C2B003347E5 /* Assets.xcassets in Resources */ = {isa = PBXBuildFile; fileRef = AD7E61D322BA1C2B003347E5 /* Assets.xcassets */; };
		AD7E61D722BA1C2B003347E5 /* LaunchScreen.storyboard in Resources */ = {isa = PBXBuildFile; fileRef = AD7E61D522BA1C2B003347E5 /* LaunchScreen.storyboard */; };
		AD7E61DF22BA6298003347E5 /* Item.swift in Sources */ = {isa = PBXBuildFile; fileRef = AD7E61DE22BA6298003347E5 /* Item.swift */; };
/* End PBXBuildFile section */

/* Begin PBXFileReference section */
		AD7E61C922BA1C29003347E5 /* sillybilly.app */ = {isa = PBXFileReference; explicitFileType = wrapper.application; includeInIndex = 0; path = sillybilly.app; sourceTree = BUILT_PRODUCTS_DIR; };
		AD7E61CC22BA1C29003347E5 /* AppDelegate.swift */ = {isa = PBXFileReference; lastKnownFileType = sourcecode.swift; path = AppDelegate.swift; sourceTree = "<group>"; };
		AD7E61CE22BA1C29003347E5 /* TodoListViewController.swift */ = {isa = PBXFileReference; lastKnownFileType = sourcecode.swift; path = TodoListViewController.swift; sourceTree = "<group>"; };
		AD7E61D122BA1C29003347E5 /* Base */ = {isa = PBXFileReference; lastKnownFileType = file.storyboard; name = Base; path = Base.lproj/Main.storyboard; sourceTree = "<group>"; };
		AD7E61D322BA1C2B003347E5 /* Assets.xcassets */ = {isa = PBXFileReference; lastKnownFileType = folder.assetcatalog; path = Assets.xcassets; sourceTree = "<group>"; };
		AD7E61D622BA1C2B003347E5 /* Base */ = {isa = PBXFileReference; lastKnownFileType = file.storyboard; name = Base; path = Base.lproj/LaunchScreen.storyboard; sourceTree = "<group>"; };
		AD7E61D822BA1C2B003347E5 /* Info.plist */ = {isa = PBXFileReference; lastKnownFileType = text.plist.xml; path = Info.plist; sourceTree = "<group>"; };
		AD7E61DE22BA6298003347E5 /* Item.swift */ = {isa = PBXFileReference; lastKnownFileType = sourcecode.swift; path = Item.swift; sourceTree = "<group>"; };
/* End PBXFileReference section */

/* Begin PBXFrameworksBuildPhase section */
		AD7E61C622BA1C29003347E5 /* Frameworks */ = {
			isa = PBXFrameworksBuildPhase;
			buildActionMask = 2147483647;
			files = (
			);
			runOnlyForDeploymentPostprocessing = 0;
		};
/* End PBXFrameworksBuildPhase section */

/* Begin PBXGroup section */
		AD7E61C022BA1C29003347E5 = {
			isa = PBXGroup;
			children = (
				AD7E61CB22BA1C29003347E5 /* sillybilly */,
				AD7E61CA22BA1C29003347E5 /* Products */,
			);
			sourceTree = "<group>";
		};
		AD7E61CA22BA1C29003347E5 /* Products */ = {
			isa = PBXGroup;
			children = (
				AD7E61C922BA1C29003347E5 /* sillybilly.app */,
			);
			name = Products;
			sourceTree = "<group>";
		};
		AD7E61CB22BA1C29003347E5 /* sillybilly */ = {
			isa = PBXGroup;
			children = (
				AD7E61CC22BA1C29003347E5 /* AppDelegate.swift */,
				AD7E61E122BA632F003347E5 /* Controllers */,
				AD7E61E222BA6349003347E5 /* Views */,
				AD7E61E022BA62F4003347E5 /* Data Model */,
				AD7E61E322BA638F003347E5 /* Supporting files */,
				AD7E61D822BA1C2B003347E5 /* Info.plist */,
			);
			path = sillybilly;
			sourceTree = "<group>";
		};
		AD7E61E022BA62F4003347E5 /* Data Model */ = {
			isa = PBXGroup;
			children = (
				AD7E61DE22BA6298003347E5 /* Item.swift */,
			);
			path = "Data Model";
			sourceTree = "<group>";
		};
		AD7E61E122BA632F003347E5 /* Controllers */ = {
			isa = PBXGroup;
			children = (
				AD7E61CE22BA1C29003347E5 /* TodoListViewController.swift */,
			);
			path = Controllers;
			sourceTree = "<group>";
		};
		AD7E61E222BA6349003347E5 /* Views */ = {
			isa = PBXGroup;
			children = (
				AD7E61D022BA1C29003347E5 /* Main.storyboard */,
			);
			path = Views;
			sourceTree = "<group>";
		};
		AD7E61E322BA638F003347E5 /* Supporting files */ = {
			isa = PBXGroup;
			children = (
				AD7E61D322BA1C2B003347E5 /* Assets.xcassets */,
				AD7E61D522BA1C2B003347E5 /* LaunchScreen.storyboard */,
			);
			path = "Supporting files";
			sourceTree = "<group>";
		};
/* End PBXGroup section */

/* Begin PBXNativeTarget section */
		AD7E61C822BA1C29003347E5 /* sillybilly */ = {
			isa = PBXNativeTarget;
			buildConfigurationList = AD7E61DB22BA1C2B003347E5 /* Build configuration list for PBXNativeTarget "sillybilly" */;
			buildPhases = (
				AD7E61C522BA1C29003347E5 /* Sources */,
				AD7E61C622BA1C29003347E5 /* Frameworks */,
				AD7E61C722BA1C29003347E5 /* Resources */,
			);
			buildRules = (
			);
			dependencies = (
			);
			name = sillybilly;
			productName = sillybilly;
			productReference = AD7E61C922BA1C29003347E5 /* sillybilly.app */;
			productType = "com.apple.product-type.application";
		};
/* End PBXNativeTarget section */

/* Begin PBXProject section */
		AD7E61C122BA1C29003347E5 /* Project object */ = {
			isa = PBXProject;
			attributes = {
				LastSwiftUpdateCheck = 1020;
				LastUpgradeCheck = 1020;
				ORGANIZATIONNAME = "Rajinikumar Rai";
				TargetAttributes = {
					AD7E61C822BA1C29003347E5 = {
						CreatedOnToolsVersion = 10.2.1;
					};
				};
			};
			buildConfigurationList = AD7E61C422BA1C29003347E5 /* Build configuration list for PBXProject "sillybilly" */;
			compatibilityVersion = "Xcode 9.3";
			developmentRegion = en;
			hasScannedForEncodings = 0;
			knownRegions = (
				en,
				Base,
			);
			mainGroup = AD7E61C022BA1C29003347E5;
			productRefGroup = AD7E61CA22BA1C29003347E5 /* Products */;
			projectDirPath = "";
			projectRoot = "";
			targets = (
				AD7E61C822BA1C29003347E5 /* sillybilly */,
			);
		};
/* End PBXProject section */

/* Begin PBXResourcesBuildPhase section */
		AD7E61C722BA1C29003347E5 /* Resources */ = {
			isa = PBXResourcesBuildPhase;
			buildActionMask = 2147483647;
			files = (
				AD7E61D722BA1C2B003347E5 /* LaunchScreen.storyboard in Resources */,
				AD7E61D422BA1C2B003347E5 /* Assets.xcassets in Resources */,
				AD7E61D222BA1C29003347E5 /* Main.storyboard in Resources */,
			);
			runOnlyForDeploymentPostprocessing = 0;
		};
/* End PBXResourcesBuildPhase section */

/* Begin PBXSourcesBuildPhase section */
		AD7E61C522BA1C29003347E5 /* Sources */ = {
			isa = PBXSourcesBuildPhase;
			buildActionMask = 2147483647;
			files = (
				AD7E61CF22BA1C29003347E5 /* TodoListViewController.swift in Sources */,
				AD7E61DF22BA6298003347E5 /* Item.swift in Sources */,
				AD7E61CD22BA1C29003347E5 /* AppDelegate.swift in Sources */,
			);
			runOnlyForDeploymentPostprocessing = 0;
		};
/* End PBXSourcesBuildPhase section */

/* Begin PBXVariantGroup section */
		AD7E61D022BA1C29003347E5 /* Main.storyboard */ = {
			isa = PBXVariantGroup;
			children = (
				AD7E61D122BA1C29003347E5 /* Base */,
			);
			name = Main.storyboard;
			sourceTree = "<group>";
		};
		AD7E61D522BA1C2B003347E5 /* LaunchScreen.storyboard */ = {
			isa = PBXVariantGroup;
			children = (
				AD7E61D622BA1C2B003347E5 /* Base */,
			);
			name = LaunchScreen.storyboard;
			sourceTree = "<group>";
		};
/* End PBXVariantGroup section */

/* Begin XCBuildConfiguration section */
		AD7E61D922BA1C2B003347E5 /* Debug */ = {
			isa = XCBuildConfiguration;
			buildSettings = {
				ALWAYS_SEARCH_USER_PATHS = NO;
				CLANG_ANALYZER_NONNULL = YES;
				CLANG_ANALYZER_NUMBER_OBJECT_CONVERSION = YES_AGGRESSIVE;
				CLANG_CXX_LANGUAGE_STANDARD = "gnu++14";
				CLANG_CXX_LIBRARY = "libc++";
				CLANG_ENABLE_MODULES = YES;
				CLANG_ENABLE_OBJC_ARC = YES;
				CLANG_ENABLE_OBJC_WEAK = YES;
				CLANG_WARN_BLOCK_CAPTURE_AUTORELEASING = YES;
				CLANG_WARN_BOOL_CONVERSION = YES;
				CLANG_WARN_COMMA = YES;
				CLANG_WARN_CONSTANT_CONVERSION = YES;
				CLANG_WARN_DEPRECATED_OBJC_IMPLEMENTATIONS = YES;
				CLANG_WARN_DIRECT_OBJC_ISA_USAGE = YES_ERROR;
				CLANG_WARN_DOCUMENTATION_COMMENTS = YES;
				CLANG_WARN_EMPTY_BODY = YES;
				CLANG_WARN_ENUM_CONVERSION = YES;
				CLANG_WARN_INFINITE_RECURSION = YES;
				CLANG_WARN_INT_CONVERSION = YES;
				CLANG_WARN_NON_LITERAL_NULL_CONVERSION = YES;
				CLANG_WARN_OBJC_IMPLICIT_RETAIN_SELF = YES;
				CLANG_WARN_OBJC_LITERAL_CONVERSION = YES;
				CLANG_WARN_OBJC_ROOT_CLASS = YES_ERROR;
				CLANG_WARN_RANGE_LOOP_ANALYSIS = YES;
				CLANG_WARN_STRICT_PROTOTYPES = YES;
				CLANG_WARN_SUSPICIOUS_MOVE = YES;
				CLANG_WARN_UNGUARDED_AVAILABILITY = YES_AGGRESSIVE;
				CLANG_WARN_UNREACHABLE_CODE = YES;
				CLANG_WARN__DUPLICATE_METHOD_MATCH = YES;
				CODE_SIGN_IDENTITY = "iPhone Developer";
				COPY_PHASE_STRIP = NO;
				DEBUG_INFORMATION_FORMAT = dwarf;
				ENABLE_STRICT_OBJC_MSGSEND = YES;
				ENABLE_TESTABILITY = YES;
				GCC_C_LANGUAGE_STANDARD = gnu11;
				GCC_DYNAMIC_NO_PIC = NO;
				GCC_NO_COMMON_BLOCKS = YES;
				GCC_OPTIMIZATION_LEVEL = 0;
				GCC_PREPROCESSOR_DEFINITIONS = (
					"DEBUG=1",
					"$(inherited)",
				);
				GCC_WARN_64_TO_32_BIT_CONVERSION = YES;
				GCC_WARN_ABOUT_RETURN_TYPE = YES_ERROR;
				GCC_WARN_UNDECLARED_SELECTOR = YES;
				GCC_WARN_UNINITIALIZED_AUTOS = YES_AGGRESSIVE;
				GCC_WARN_UNUSED_FUNCTION = YES;
				GCC_WARN_UNUSED_VARIABLE = YES;
				IPHONEOS_DEPLOYMENT_TARGET = 12.2;
				MTL_ENABLE_DEBUG_INFO = INCLUDE_SOURCE;
				MTL_FAST_MATH = YES;
				ONLY_ACTIVE_ARCH = YES;
				SDKROOT = iphoneos;
				SWIFT_ACTIVE_COMPILATION_CONDITIONS = DEBUG;
				SWIFT_OPTIMIZATION_LEVEL = "-Onone";
			};
			name = Debug;
		};
		AD7E61DA22BA1C2B003347E5 /* Release */ = {
			isa = XCBuildConfiguration;
			buildSettings = {
				ALWAYS_SEARCH_USER_PATHS = NO;
				CLANG_ANALYZER_NONNULL = YES;
				CLANG_ANALYZER_NUMBER_OBJECT_CONVERSION = YES_AGGRESSIVE;
				CLANG_CXX_LANGUAGE_STANDARD = "gnu++14";
				CLANG_CXX_LIBRARY = "libc++";
				CLANG_ENABLE_MODULES = YES;
				CLANG_ENABLE_OBJC_ARC = YES;
				CLANG_ENABLE_OBJC_WEAK = YES;
				CLANG_WARN_BLOCK_CAPTURE_AUTORELEASING = YES;
				CLANG_WARN_BOOL_CONVERSION = YES;
				CLANG_WARN_COMMA = YES;
				CLANG_WARN_CONSTANT_CONVERSION = YES;
				CLANG_WARN_DEPRECATED_OBJC_IMPLEMENTATIONS = YES;
				CLANG_WARN_DIRECT_OBJC_ISA_USAGE = YES_ERROR;
				CLANG_WARN_DOCUMENTATION_COMMENTS = YES;
				CLANG_WARN_EMPTY_BODY = YES;
				CLANG_WARN_ENUM_CONVERSION = YES;
				CLANG_WARN_INFINITE_RECURSION = YES;
				CLANG_WARN_INT_CONVERSION = YES;
				CLANG_WARN_NON_LITERAL_NULL_CONVERSION = YES;
				CLANG_WARN_OBJC_IMPLICIT_RETAIN_SELF = YES;
				CLANG_WARN_OBJC_LITERAL_CONVERSION = YES;
				CLANG_WARN_OBJC_ROOT_CLASS = YES_ERROR;
				CLANG_WARN_RANGE_LOOP_ANALYSIS = YES;
				CLANG_WARN_STRICT_PROTOTYPES = YES;
				CLANG_WARN_SUSPICIOUS_MOVE = YES;
				CLANG_WARN_UNGUARDED_AVAILABILITY = YES_AGGRESSIVE;
				CLANG_WARN_UNREACHABLE_CODE = YES;
				CLANG_WARN__DUPLICATE_METHOD_MATCH = YES;
				CODE_SIGN_IDENTITY = "iPhone Developer";
				COPY_PHASE_STRIP = NO;
				DEBUG_INFORMATION_FORMAT = "dwarf-with-dsym";
				ENABLE_NS_ASSERTIONS = NO;
				ENABLE_STRICT_OBJC_MSGSEND = YES;
				GCC_C_LANGUAGE_STANDARD = gnu11;
				GCC_NO_COMMON_BLOCKS = YES;
				GCC_WARN_64_TO_32_BIT_CONVERSION = YES;
				GCC_WARN_ABOUT_RETURN_TYPE = YES_ERROR;
				GCC_WARN_UNDECLARED_SELECTOR = YES;
				GCC_WARN_UNINITIALIZED_AUTOS = YES_AGGRESSIVE;
				GCC_WARN_UNUSED_FUNCTION = YES;
				GCC_WARN_UNUSED_VARIABLE = YES;
				IPHONEOS_DEPLOYMENT_TARGET = 12.2;
				MTL_ENABLE_DEBUG_INFO = NO;
				MTL_FAST_MATH = YES;
				SDKROOT = iphoneos;
				SWIFT_COMPILATION_MODE = wholemodule;
				SWIFT_OPTIMIZATION_LEVEL = "-O";
				VALIDATE_PRODUCT = YES;
			};
			name = Release;
		};
		AD7E61DC22BA1C2B003347E5 /* Debug */ = {
			isa = XCBuildConfiguration;
			buildSettings = {
				ASSETCATALOG_COMPILER_APPICON_NAME = AppIcon;
				CODE_SIGN_STYLE = Automatic;
				DEVELOPMENT_TEAM = GVJZT58PFH;
				INFOPLIST_FILE = sillybilly/Info.plist;
				LD_RUNPATH_SEARCH_PATHS = (
					"$(inherited)",
					"@executable_path/Frameworks",
				);
				PRODUCT_BUNDLE_IDENTIFIER = com.rajinikrai123.sillybilly;
				PRODUCT_NAME = "$(TARGET_NAME)";
				SWIFT_VERSION = 5.0;
				TARGETED_DEVICE_FAMILY = "1,2";
			};
			name = Debug;
		};
		AD7E61DD22BA1C2B003347E5 /* Release */ = {
			isa = XCBuildConfiguration;
			buildSettings = {
				ASSETCATALOG_COMPILER_APPICON_NAME = AppIcon;
				CODE_SIGN_STYLE = Automatic;
				DEVELOPMENT_TEAM = GVJZT58PFH;
				INFOPLIST_FILE = sillybilly/Info.plist;
				LD_RUNPATH_SEARCH_PATHS = (
					"$(inherited)",
					"@executable_path/Frameworks",
				);
				PRODUCT_BUNDLE_IDENTIFIER = com.rajinikrai123.sillybilly;
				PRODUCT_NAME = "$(TARGET_NAME)";
				SWIFT_VERSION = 5.0;
				TARGETED_DEVICE_FAMILY = "1,2";
			};
			name = Release;
		};
/* End XCBuildConfiguration section */

/* Begin XCConfigurationList section */
		AD7E61C422BA1C29003347E5 /* Build configuration list for PBXProject "sillybilly" */ = {
			isa = XCConfigurationList;
			buildConfigurations = (
				AD7E61D922BA1C2B003347E5 /* Debug */,
				AD7E61DA22BA1C2B003347E5 /* Release */,
			);
			defaultConfigurationIsVisible = 0;
			defaultConfigurationName = Release;
		};
		AD7E61DB22BA1C2B003347E5 /* Build configuration list for PBXNativeTarget "sillybilly" */ = {
			isa = XCConfigurationList;
			buildConfigurations = (
				AD7E61DC22BA1C2B003347E5 /* Debug */,
				AD7E61DD22BA1C2B003347E5 /* Release */,
			);
			defaultConfigurationIsVisible = 0;
			defaultConfigurationName = Release;
		};
/* End XCConfigurationList section */
	};
	rootObject = AD7E61C122BA1C29003347E5 /* Project object */;
}
